{
	"name": "@stellar-design/fake-app",
	"version": "0.0.2",
	"lockfileVersion": 1,
	"requires": true,
	"dependencies": {
		"@stencil/core": {
			"version": "2.0.0-6",
			"resolved": "https://registry.npmjs.org/@stencil/core/-/core-2.0.0-6.tgz",
			"integrity": "sha512-qN6NNm4QkHzQG/K6WYdoc4uM7qpRt0MWlBtc4N5EXRFg59wWE2W3ujSgkSW1lgJOvJ7SxPmeSuhcESb+j57z1g=="
		}
	}
}
